
Microsoft Visual Studio Solution File, Format Version 12.00
# Visual Studio Version 17
VisualStudioVersion = 17.6.33829.357
MinimumVisualStudioVersion = 10.0.40219.1
Project("{FAE04EC0-301F-11D3-BF4B-00C04F79EFBC}") = "FootballWorldCup", "FootballWorldCup\FootballWorldCup.csproj", "{D1C6F752-DC5C-43C8-90A1-DF845D9DF110}"
EndProject
Project("{FAE04EC0-301F-11D3-BF4B-00C04F79EFBC}") = "FootballWorldCup.UnitTests", "FootballWorldCup.UnitTests\FootballWorldCup.UnitTests.csproj", "{2637FF87-B7D8-4D7C-9231-B3070B89CAB5}"
EndProject
Global
	GlobalSection(SolutionConfigurationPlatforms) = preSolution
		Debug|Any CPU = Debug|Any CPU
		Release|Any CPU = Release|Any CPU
	EndGlobalSection
	GlobalSection(ProjectConfigurationPlatforms) = postSolution
		{D1C6F752-DC5C-43C8-90A1-DF845D9DF110}.Debug|Any CPU.ActiveCfg = Debug|Any CPU
		{D1C6F752-DC5C-43C8-90A1-DF845D9DF110}.Debug|Any CPU.Build.0 = Debug|Any CPU
		{D1C6F752-DC5C-43C8-90A1-DF845D9DF110}.Release|Any CPU.ActiveCfg = Release|Any CPU
		{D1C6F752-DC5C-43C8-90A1-DF845D9DF110}.Release|Any CPU.Build.0 = Release|Any CPU
		{2637FF87-B7D8-4D7C-9231-B3070B89CAB5}.Debug|Any CPU.ActiveCfg = Debug|Any CPU
		{2637FF87-B7D8-4D7C-9231-B3070B89CAB5}.Debug|Any CPU.Build.0 = Debug|Any CPU
		{2637FF87-B7D8-4D7C-9231-B3070B89CAB5}.Release|Any CPU.ActiveCfg = Release|Any CPU
		{2637FF87-B7D8-4D7C-9231-B3070B89CAB5}.Release|Any CPU.Build.0 = Release|Any CPU
	EndGlobalSection
	GlobalSection(SolutionProperties) = preSolution
		HideSolutionNode = FALSE
	EndGlobalSection
	GlobalSection(ExtensibilityGlobals) = postSolution
		SolutionGuid = {EA09C67D-689B-4DE9-9DDB-0B4514C5264A}
	EndGlobalSection
EndGlobal
